Microsoft Visual Studio Solution File, Format Version 12.00
# Visual Studio Version 17
VisualStudioVersion = 17.5.2.0
MinimumVisualStudioVersion = 10.0.40219.1
Project("{FAE04EC0-301F-11D3-BF4B-00C04F79EFBC}") = "TrilhaNetAzureDesafio", "TrilhaNetAzureDesafio.csproj", "{197A5AFD-9EFF-8426-4B3D-BC9602998D16}"
EndProject
Global
	GlobalSection(SolutionConfigurationPlatforms) = preSolution
		Debug|Any CPU = Debug|Any CPU
		Release|Any CPU = Release|Any CPU
	EndGlobalSection
	GlobalSection(ProjectConfigurationPlatforms) = postSolution
		{197A5AFD-9EFF-8426-4B3D-BC9602998D16}.Debug|Any CPU.ActiveCfg = Debug|Any CPU
		{197A5AFD-9EFF-8426-4B3D-BC9602998D16}.Debug|Any CPU.Build.0 = Debug|Any CPU
		{197A5AFD-9EFF-8426-4B3D-BC9602998D16}.Release|Any CPU.ActiveCfg = Release|Any CPU
		{197A5AFD-9EFF-8426-4B3D-BC9602998D16}.Release|Any CPU.Build.0 = Release|Any CPU
	EndGlobalSection
	GlobalSection(SolutionProperties) = preSolution
		HideSolutionNode = FALSE
	EndGlobalSection
	GlobalSection(ExtensibilityGlobals) = postSolution
		SolutionGuid = {75FDAB26-A6CC-422B-8B0E-1D3F795A7591}
	EndGlobalSection
EndGlobal
